<?xml version="1.0" encoding="utf-8"?>
<Project ToolsVersion="4.0" xmlns="http://schemas.microsoft.com/developer/msbuild/2003">
  <ItemGroup>
    <Filter Include="Source">
      <UniqueIdentifier>{4FC737F1-C7A5-4376-A066-2A32D752A2FF}</UniqueIdentifier>
      <Extensions>cpp;c;cc;cxx;c++;cppm;ixx;def;odl;idl;hpj;bat;asm;asmx</Extensions>
    </Filter>
    <Filter Include="Assets">
      <UniqueIdentifier>{ffc07665-e61a-4d0b-9995-113b62f12d0a}</UniqueIdentifier>
    </Filter>
    <Filter Include="SpaceGame">
      <UniqueIdentifier>{53111a7b-2bf3-48d0-af91-285c1b71e84d}</UniqueIdentifier>
    </Filter>
  </ItemGroup>
  <ItemGroup>
    <ClCompile Include="Main.cpp" />
    <ClCompile Include="SpriteGame\Assets.cpp">
      <Filter>Source</Filter>
    </ClCompile>
    <ClCompile Include="SpriteGame\Bullet.cpp">
      <Filter>Source</Filter>
    </ClCompile>
    <ClCompile Include="SpriteGame\Enemy.cpp">
      <Filter>Source</Filter>
    </ClCompile>
    <ClCompile Include="SpriteGame\Game.cpp">
      <Filter>Source</Filter>
    </ClCompile>
    <ClCompile Include="SpriteGame\Player.cpp">
      <Filter>Source</Filter>
    </ClCompile>
    <ClCompile Include="SpriteGame\SpriteGame.cpp">
      <Filter>Source</Filter>
    </ClCompile>
    <ClCompile Include="SpriteGame\EnemyBullets.cpp">
      <Filter>Source</Filter>
    </ClCompile>
  </ItemGroup>
  <ItemGroup>
    <None Include="..\..\Build\Assets\data\scene.json">
      <Filter>Assets</Filter>
    </None>
  </ItemGroup>
  <ItemGroup>
    <ClInclude Include="SpriteGame\Assets.h" />
    <ClInclude Include="SpriteGame\Bullet.h" />
    <ClInclude Include="SpriteGame\Enemy.h" />
    <ClInclude Include="SpriteGame\Player.h" />
    <ClInclude Include="SpriteGame\SpriteGame.h" />
    <ClInclude Include="SpriteGame\EnemyBullet.h" />
  </ItemGroup>
</Project>